
Microsoft Visual Studio Solution File, Format Version 10.00
# Visual Studio 2008
Project("{8BC9CEB8-8B4A-11D0-8D11-00A0C91BC942}") = "udinetest-bcWin32", "test-bc.vcproj", "{1312AA1F-1EDB-4238-86B0-C9218539FDE7}"
EndProject
Global
	GlobalSection(SolutionConfigurationPlatforms) = preSolution
		Release|Win32 = Release|Win32
	EndGlobalSection
	GlobalSection(ProjectConfigurationPlatforms) = postSolution
		{1312AA1F-1EDB-4238-86B0-C9218539FDE7}.Release|Win32.ActiveCfg = Release|Win32
		{1312AA1F-1EDB-4238-86B0-C9218539FDE7}.Release|Win32.Build.0 = Release|Win32
	EndGlobalSection
	GlobalSection(SolutionProperties) = preSolution
		HideSolutionNode = FALSE
	EndGlobalSection
EndGlobal
